
Microsoft Visual Studio Solution File, Format Version 12.00
# Visual Studio Version 16
VisualStudioVersion = 16.0.32929.386
MinimumVisualStudioVersion = 10.0.40219.1
Project("{FAE04EC0-301F-11D3-BF4B-00C04F79EFBC}") = "GoOutFE", "GoOut\GoOutFE.csproj", "{2C1C7774-7755-4D5C-B304-61C4256C49EC}"
EndProject
Global
	GlobalSection(SolutionConfigurationPlatforms) = preSolution
		Debug|Any CPU = Debug|Any CPU
		Release|Any CPU = Release|Any CPU
	EndGlobalSection
	GlobalSection(ProjectConfigurationPlatforms) = postSolution
		{2C1C7774-7755-4D5C-B304-61C4256C49EC}.Debug|Any CPU.ActiveCfg = Debug|Any CPU
		{2C1C7774-7755-4D5C-B304-61C4256C49EC}.Debug|Any CPU.Build.0 = Debug|Any CPU
		{2C1C7774-7755-4D5C-B304-61C4256C49EC}.Debug|Any CPU.Deploy.0 = Debug|Any CPU
		{2C1C7774-7755-4D5C-B304-61C4256C49EC}.Release|Any CPU.ActiveCfg = Release|Any CPU
		{2C1C7774-7755-4D5C-B304-61C4256C49EC}.Release|Any CPU.Build.0 = Release|Any CPU
		{2C1C7774-7755-4D5C-B304-61C4256C49EC}.Release|Any CPU.Deploy.0 = Release|Any CPU
	EndGlobalSection
	GlobalSection(SolutionProperties) = preSolution
		HideSolutionNode = FALSE
	EndGlobalSection
	GlobalSection(ExtensibilityGlobals) = postSolution
		SolutionGuid = {36F51433-6E39-4D43-9CB9-CB5FF17D9291}
	EndGlobalSection
EndGlobal
